
Microsoft Visual Studio Solution File, Format Version 12.00
# Visual Studio Version 17
VisualStudioVersion = 17.3.32819.101
MinimumVisualStudioVersion = 10.0.40219.1
Project("{9A19103F-16F7-4668-BE54-9A1E7A4F7556}") = "OSDC.DotnetLibraries.General.DataManagement", "OSDC.DotnetLibraries.General.DataManagement\OSDC.DotnetLibraries.General.DataManagement.csproj", "{51EE11E1-26B1-4422-B49F-2EE6E1E8EE61}"
EndProject
Project("{9A19103F-16F7-4668-BE54-9A1E7A4F7556}") = "OSDC.DotnetLibraries.General.Common", "OSDC.DotnetLibraries.General.Common\OSDC.DotnetLibraries.General.Common.csproj", "{1CAA8C52-0D01-403F-8719-54A4DD5DAA1A}"
EndProject
Project("{9A19103F-16F7-4668-BE54-9A1E7A4F7556}") = "OSDC.DotnetLibraries.General.Statistics", "OSDC.DotnetLibraries.General.Statistics\OSDC.DotnetLibraries.General.Statistics.csproj", "{DC16FF1F-5981-4147-BC19-48AB3EEC0306}"
EndProject
Project("{9A19103F-16F7-4668-BE54-9A1E7A4F7556}") = "OSDC.DotnetLibraries.General.Math", "OSDC.DotnetLibraries.General.Math\OSDC.DotnetLibraries.General.Math.csproj", "{6A2ED092-9B11-4EEB-9B3C-C73E795163B7}"
EndProject
Project("{9A19103F-16F7-4668-BE54-9A1E7A4F7556}") = "OSDC.DotnetLibraries.General.OpenFoamRead", "OSDC.DotnetLibraries.General.OpenFoamRead\OSDC.DotnetLibraries.General.OpenFoamRead.csproj", "{EE13803E-1015-4487-A09B-04557B32FAE2}"
EndProject
Project("{9A19103F-16F7-4668-BE54-9A1E7A4F7556}") = "OSDC.DotnetLibraries.General.OpenFoamRead.Test", "OSDC.DotnetLibraries.General.OpenFoamRead.Test\OSDC.DotnetLibraries.General.OpenFoamRead.Test.csproj", "{C6A2A5BD-5CA2-45EF-8D25-E62CAA6B0A98}"
EndProject
Project("{9A19103F-16F7-4668-BE54-9A1E7A4F7556}") = "OSDC.DotnetLibraries.Drilling.Surveying", "OSDC.DotnetLibraries.Drilling.Surveying\OSDC.DotnetLibraries.Drilling.Surveying.csproj", "{2DD951E2-487D-4D0A-AA83-21D8C4FC652E}"
EndProject
Project("{9A19103F-16F7-4668-BE54-9A1E7A4F7556}") = "OSDC.DotnetLibraries.General.Math.UnitTest", "OSDC.DotnetLibraries.General.Math.UnitTest\OSDC.DotnetLibraries.General.Math.UnitTest.csproj", "{3DEF6AD7-C1F9-4E1D-AF2F-9312DAC29757}"
EndProject
Project("{9A19103F-16F7-4668-BE54-9A1E7A4F7556}") = "OSDC.DotnetLibraries.Drilling.Surveying.UnitTest", "OSDC.DotnetLibraries.Drilling.Surveying.UnitTest\OSDC.DotnetLibraries.Drilling.Surveying.UnitTest.csproj", "{19AB019F-E532-4D1C-AFA9-E80741D09EA3}"
EndProject
Project("{9A19103F-16F7-4668-BE54-9A1E7A4F7556}") = "OSDC.DotnetLibraries.Drilling.DrillingProperties", "OSDC.DotnetLibraries.Drilling.DrillingProperties\OSDC.DotnetLibraries.Drilling.DrillingProperties.csproj", "{775BF7C4-7C2A-4096-B8B5-2E18F0DA8679}"
EndProject
Project("{9A19103F-16F7-4668-BE54-9A1E7A4F7556}") = "OSDC.DotnetLibraries.General.APIProxy", "OSDC.DotnetLibraries.General.APIProxy\OSDC.DotnetLibraries.General.APIProxy.csproj", "{5A5332CE-EB41-4AFE-B66B-D7747AFA8DD2}"
EndProject
Project("{9A19103F-16F7-4668-BE54-9A1E7A4F7556}") = "OSDC.DotnetLibraries.General.JsonSD", "OSDC.DotnetLibraries.General.JsonSD\OSDC.DotnetLibraries.General.JsonSD.csproj", "{3BE7D213-BC09-498F-BF65-A12737248DC3}"
EndProject
Project("{9A19103F-16F7-4668-BE54-9A1E7A4F7556}") = "OSDC.DotnetLibraries.Drilling.DrillingProperties.UnitTest", "OSDC.DotnetLibraries.Drilling.DrillingProperties.UnitTest\OSDC.DotnetLibraries.Drilling.DrillingProperties.UnitTest.csproj", "{4336DAA5-B3BE-4D57-A642-8CE0E361202D}"
EndProject
Project("{9A19103F-16F7-4668-BE54-9A1E7A4F7556}") = "OSDC.DotnetLibraries.Drilling.DrillingProperties.Example01", "OSDC.DotnetLibraries.Drilling.DrillingProperties.Example01\OSDC.DotnetLibraries.Drilling.DrillingProperties.Example01.csproj", "{83CE49AD-99B8-475B-9E1E-55697DF5BC82}"
EndProject
Project("{9A19103F-16F7-4668-BE54-9A1E7A4F7556}") = "OSDC.DotnetLibraries.Drilling.DrillingProperties.Example02", "OSDC.DotnetLibraries.Drilling.DrillingProperties.Example02\OSDC.DotnetLibraries.Drilling.DrillingProperties.Example02.csproj", "{EA2CFA85-3BD4-48BE-A759-B5E49FD6E59E}"
EndProject
Project("{9A19103F-16F7-4668-BE54-9A1E7A4F7556}") = "OSDC.DotnetLibraries.Drilling.DrillingProperties.Example03", "OSDC.DotnetLibraries.Drilling.DrillingProperties.Example03\OSDC.DotnetLibraries.Drilling.DrillingProperties.Example03.csproj", "{77111B7D-7C4C-4C45-BFE4-5C4C54DD567A}"
EndProject
Project("{9A19103F-16F7-4668-BE54-9A1E7A4F7556}") = "OSDC.DotnetLibraries.General.Octree", "OSDC.DotnetLibraries.General.Octree\OSDC.DotnetLibraries.General.Octree.csproj", "{59C47F96-644B-4EFE-9579-A4E03D220405}"
EndProject
Project("{9A19103F-16F7-4668-BE54-9A1E7A4F7556}") = "OSDC.DotnetLibraries.General.Octree.Example01", "OSDC.DotnetLibraries.General.Octree.Example01\OSDC.DotnetLibraries.General.Octree.Example01.csproj", "{6D308B8C-7D6A-449F-B2D1-1108A97B15D3}"
EndProject
Project("{9A19103F-16F7-4668-BE54-9A1E7A4F7556}") = "OSDC.DotnetLibraries.General.Octree.Example02", "OSDC.DotnetLibraries.General.Octree.Example02\OSDC.DotnetLibraries.General.Octree.Example02.csproj", "{01424C89-1192-4855-9BCF-A3886817EDDB}"
EndProject
Project("{9A19103F-16F7-4668-BE54-9A1E7A4F7556}") = "OSDC.DotnetLibraries.General.Octree.Example03", "OSDC.DotnetLibraries.General.Octree.Example03\OSDC.DotnetLibraries.General.Octree.Example03.csproj", "{B5B08FB7-B9C5-447D-8CB1-FE41DBB3AF37}"
EndProject
Project("{9A19103F-16F7-4668-BE54-9A1E7A4F7556}") = "OSDC.DotnetLibraries.Drilling.DrillingProperties.Example04", "OSDC.DotnetLibraries.Drilling.DrillingProperties.Example04\OSDC.DotnetLibraries.Drilling.DrillingProperties.Example04.csproj", "{106C355B-E3C9-4B70-9778-1DC41002165D}"
EndProject
Project("{9A19103F-16F7-4668-BE54-9A1E7A4F7556}") = "OSDC.DotnetLibraries.Drilling.Surveying.Example01", "OSDC.DotnetLibraries.Drilling.Surveying.Example01\OSDC.DotnetLibraries.Drilling.Surveying.Example01.csproj", "{F1C1665E-2795-4E1E-A357-7F9FBB6F5920}"
EndProject
Project("{9A19103F-16F7-4668-BE54-9A1E7A4F7556}") = "OSDC.DotnetLibraries.Drilling.Surveying.Example02", "OSDC.DotnetLibraries.Drilling.Surveying.Example02\OSDC.DotnetLibraries.Drilling.Surveying.Example02.csproj", "{2DF3EF8A-3F08-40D3-8B53-6A0B778E7565}"
EndProject
Project("{9A19103F-16F7-4668-BE54-9A1E7A4F7556}") = "OSDC.DotnetLibraries.Drilling.Surveying.Example03", "OSDC.DotnetLibraries.Drilling.Surveying.Example03\OSDC.DotnetLibraries.Drilling.Surveying.Example03.csproj", "{4C51171F-55F6-41C7-A550-066D7FC734B6}"
EndProject
Project("{9A19103F-16F7-4668-BE54-9A1E7A4F7556}") = "OSDC.DotnetLibraries.Drilling.DrillingProperties.RDF", "OSDC.DotnetLibraries.Drilling.DrillingProperties.RDF\OSDC.DotnetLibraries.Drilling.DrillingProperties.RDF.csproj", "{9510A653-7789-4F1F-B744-890EF5C8EA0C}"
EndProject
Project("{9A19103F-16F7-4668-BE54-9A1E7A4F7556}") = "OSDC.DotnetLibraries.Drilling.DrillingProperties.Example05", "OSDC.DotnetLibraries.Drilling.DrillingProperties.Example05\OSDC.DotnetLibraries.Drilling.DrillingProperties.Example05.csproj", "{B39B9F97-E04D-439B-A234-B15250994EBB}"
EndProject
Project("{9A19103F-16F7-4668-BE54-9A1E7A4F7556}") = "OSDC.DotnetLibraries.Drilling.DrillingProperties.Example06", "OSDC.DotnetLibraries.Drilling.DrillingProperties.Example06\OSDC.DotnetLibraries.Drilling.DrillingProperties.Example06.csproj", "{E9F8D639-35D9-4249-A0E0-0F2F3BFBEFCA}"
EndProject
Project("{9A19103F-16F7-4668-BE54-9A1E7A4F7556}") = "OSDC.DotnetLibraries.Drilling.DrillingProperties.Example07", "OSDC.DotnetLibraries.Drilling.DrillingProperties.Example07\OSDC.DotnetLibraries.Drilling.DrillingProperties.Example07.csproj", "{65E0BF7C-AB29-4005-A962-435DCFD6D4A4}"
EndProject
Project("{FAE04EC0-301F-11D3-BF4B-00C04F79EFBC}") = "OSDC.DotnetLibraries.Drilling.DrillingProperties.Example08", "OSDC.DotnetLibraries.Drilling.DrillingProperties.Example08\OSDC.DotnetLibraries.Drilling.DrillingProperties.Example08.csproj", "{A93309D6-1B50-4770-B95A-1FBEEA462019}"
EndProject
Global
	GlobalSection(SolutionConfigurationPlatforms) = preSolution
		Debug|Any CPU = Debug|Any CPU
		Release|Any CPU = Release|Any CPU
	EndGlobalSection
	GlobalSection(ProjectConfigurationPlatforms) = postSolution
		{51EE11E1-26B1-4422-B49F-2EE6E1E8EE61}.Debug|Any CPU.ActiveCfg = Debug|Any CPU
		{51EE11E1-26B1-4422-B49F-2EE6E1E8EE61}.Debug|Any CPU.Build.0 = Debug|Any CPU
		{51EE11E1-26B1-4422-B49F-2EE6E1E8EE61}.Release|Any CPU.ActiveCfg = Release|Any CPU
		{51EE11E1-26B1-4422-B49F-2EE6E1E8EE61}.Release|Any CPU.Build.0 = Release|Any CPU
		{1CAA8C52-0D01-403F-8719-54A4DD5DAA1A}.Debug|Any CPU.ActiveCfg = Debug|Any CPU
		{1CAA8C52-0D01-403F-8719-54A4DD5DAA1A}.Debug|Any CPU.Build.0 = Debug|Any CPU
		{1CAA8C52-0D01-403F-8719-54A4DD5DAA1A}.Release|Any CPU.ActiveCfg = Release|Any CPU
		{1CAA8C52-0D01-403F-8719-54A4DD5DAA1A}.Release|Any CPU.Build.0 = Release|Any CPU
		{DC16FF1F-5981-4147-BC19-48AB3EEC0306}.Debug|Any CPU.ActiveCfg = Debug|Any CPU
		{DC16FF1F-5981-4147-BC19-48AB3EEC0306}.Debug|Any CPU.Build.0 = Debug|Any CPU
		{DC16FF1F-5981-4147-BC19-48AB3EEC0306}.Release|Any CPU.ActiveCfg = Release|Any CPU
		{DC16FF1F-5981-4147-BC19-48AB3EEC0306}.Release|Any CPU.Build.0 = Release|Any CPU
		{6A2ED092-9B11-4EEB-9B3C-C73E795163B7}.Debug|Any CPU.ActiveCfg = Debug|Any CPU
		{6A2ED092-9B11-4EEB-9B3C-C73E795163B7}.Debug|Any CPU.Build.0 = Debug|Any CPU
		{6A2ED092-9B11-4EEB-9B3C-C73E795163B7}.Release|Any CPU.ActiveCfg = Release|Any CPU
		{6A2ED092-9B11-4EEB-9B3C-C73E795163B7}.Release|Any CPU.Build.0 = Release|Any CPU
		{EE13803E-1015-4487-A09B-04557B32FAE2}.Debug|Any CPU.ActiveCfg = Debug|Any CPU
		{EE13803E-1015-4487-A09B-04557B32FAE2}.Debug|Any CPU.Build.0 = Debug|Any CPU
		{EE13803E-1015-4487-A09B-04557B32FAE2}.Release|Any CPU.ActiveCfg = Release|Any CPU
		{EE13803E-1015-4487-A09B-04557B32FAE2}.Release|Any CPU.Build.0 = Release|Any CPU
		{C6A2A5BD-5CA2-45EF-8D25-E62CAA6B0A98}.Debug|Any CPU.ActiveCfg = Debug|Any CPU
		{C6A2A5BD-5CA2-45EF-8D25-E62CAA6B0A98}.Debug|Any CPU.Build.0 = Debug|Any CPU
		{C6A2A5BD-5CA2-45EF-8D25-E62CAA6B0A98}.Release|Any CPU.ActiveCfg = Release|Any CPU
		{C6A2A5BD-5CA2-45EF-8D25-E62CAA6B0A98}.Release|Any CPU.Build.0 = Release|Any CPU
		{2DD951E2-487D-4D0A-AA83-21D8C4FC652E}.Debug|Any CPU.ActiveCfg = Debug|Any CPU
		{2DD951E2-487D-4D0A-AA83-21D8C4FC652E}.Debug|Any CPU.Build.0 = Debug|Any CPU
		{2DD951E2-487D-4D0A-AA83-21D8C4FC652E}.Release|Any CPU.ActiveCfg = Release|Any CPU
		{2DD951E2-487D-4D0A-AA83-21D8C4FC652E}.Release|Any CPU.Build.0 = Release|Any CPU
		{3DEF6AD7-C1F9-4E1D-AF2F-9312DAC29757}.Debug|Any CPU.ActiveCfg = Debug|Any CPU
		{3DEF6AD7-C1F9-4E1D-AF2F-9312DAC29757}.Debug|Any CPU.Build.0 = Debug|Any CPU
		{3DEF6AD7-C1F9-4E1D-AF2F-9312DAC29757}.Release|Any CPU.ActiveCfg = Release|Any CPU
		{3DEF6AD7-C1F9-4E1D-AF2F-9312DAC29757}.Release|Any CPU.Build.0 = Release|Any CPU
		{19AB019F-E532-4D1C-AFA9-E80741D09EA3}.Debug|Any CPU.ActiveCfg = Debug|Any CPU
		{19AB019F-E532-4D1C-AFA9-E80741D09EA3}.Debug|Any CPU.Build.0 = Debug|Any CPU
		{19AB019F-E532-4D1C-AFA9-E80741D09EA3}.Release|Any CPU.ActiveCfg = Release|Any CPU
		{19AB019F-E532-4D1C-AFA9-E80741D09EA3}.Release|Any CPU.Build.0 = Release|Any CPU
		{775BF7C4-7C2A-4096-B8B5-2E18F0DA8679}.Debug|Any CPU.ActiveCfg = Debug|Any CPU
		{775BF7C4-7C2A-4096-B8B5-2E18F0DA8679}.Debug|Any CPU.Build.0 = Debug|Any CPU
		{775BF7C4-7C2A-4096-B8B5-2E18F0DA8679}.Release|Any CPU.ActiveCfg = Release|Any CPU
		{775BF7C4-7C2A-4096-B8B5-2E18F0DA8679}.Release|Any CPU.Build.0 = Release|Any CPU
		{5A5332CE-EB41-4AFE-B66B-D7747AFA8DD2}.Debug|Any CPU.ActiveCfg = Debug|Any CPU
		{5A5332CE-EB41-4AFE-B66B-D7747AFA8DD2}.Debug|Any CPU.Build.0 = Debug|Any CPU
		{5A5332CE-EB41-4AFE-B66B-D7747AFA8DD2}.Release|Any CPU.ActiveCfg = Release|Any CPU
		{5A5332CE-EB41-4AFE-B66B-D7747AFA8DD2}.Release|Any CPU.Build.0 = Release|Any CPU
		{3BE7D213-BC09-498F-BF65-A12737248DC3}.Debug|Any CPU.ActiveCfg = Debug|Any CPU
		{3BE7D213-BC09-498F-BF65-A12737248DC3}.Debug|Any CPU.Build.0 = Debug|Any CPU
		{3BE7D213-BC09-498F-BF65-A12737248DC3}.Release|Any CPU.ActiveCfg = Release|Any CPU
		{3BE7D213-BC09-498F-BF65-A12737248DC3}.Release|Any CPU.Build.0 = Release|Any CPU
		{4336DAA5-B3BE-4D57-A642-8CE0E361202D}.Debug|Any CPU.ActiveCfg = Debug|Any CPU
		{4336DAA5-B3BE-4D57-A642-8CE0E361202D}.Debug|Any CPU.Build.0 = Debug|Any CPU
		{4336DAA5-B3BE-4D57-A642-8CE0E361202D}.Release|Any CPU.ActiveCfg = Release|Any CPU
		{4336DAA5-B3BE-4D57-A642-8CE0E361202D}.Release|Any CPU.Build.0 = Release|Any CPU
		{83CE49AD-99B8-475B-9E1E-55697DF5BC82}.Debug|Any CPU.ActiveCfg = Debug|Any CPU
		{83CE49AD-99B8-475B-9E1E-55697DF5BC82}.Debug|Any CPU.Build.0 = Debug|Any CPU
		{83CE49AD-99B8-475B-9E1E-55697DF5BC82}.Release|Any CPU.ActiveCfg = Release|Any CPU
		{83CE49AD-99B8-475B-9E1E-55697DF5BC82}.Release|Any CPU.Build.0 = Release|Any CPU
		{EA2CFA85-3BD4-48BE-A759-B5E49FD6E59E}.Debug|Any CPU.ActiveCfg = Debug|Any CPU
		{EA2CFA85-3BD4-48BE-A759-B5E49FD6E59E}.Debug|Any CPU.Build.0 = Debug|Any CPU
		{EA2CFA85-3BD4-48BE-A759-B5E49FD6E59E}.Release|Any CPU.ActiveCfg = Release|Any CPU
		{EA2CFA85-3BD4-48BE-A759-B5E49FD6E59E}.Release|Any CPU.Build.0 = Release|Any CPU
		{77111B7D-7C4C-4C45-BFE4-5C4C54DD567A}.Debug|Any CPU.ActiveCfg = Debug|Any CPU
		{77111B7D-7C4C-4C45-BFE4-5C4C54DD567A}.Debug|Any CPU.Build.0 = Debug|Any CPU
		{77111B7D-7C4C-4C45-BFE4-5C4C54DD567A}.Release|Any CPU.ActiveCfg = Release|Any CPU
		{77111B7D-7C4C-4C45-BFE4-5C4C54DD567A}.Release|Any CPU.Build.0 = Release|Any CPU
		{59C47F96-644B-4EFE-9579-A4E03D220405}.Debug|Any CPU.ActiveCfg = Debug|Any CPU
		{59C47F96-644B-4EFE-9579-A4E03D220405}.Debug|Any CPU.Build.0 = Debug|Any CPU
		{59C47F96-644B-4EFE-9579-A4E03D220405}.Release|Any CPU.ActiveCfg = Release|Any CPU
		{59C47F96-644B-4EFE-9579-A4E03D220405}.Release|Any CPU.Build.0 = Release|Any CPU
		{6D308B8C-7D6A-449F-B2D1-1108A97B15D3}.Debug|Any CPU.ActiveCfg = Debug|Any CPU
		{6D308B8C-7D6A-449F-B2D1-1108A97B15D3}.Debug|Any CPU.Build.0 = Debug|Any CPU
		{6D308B8C-7D6A-449F-B2D1-1108A97B15D3}.Release|Any CPU.ActiveCfg = Release|Any CPU
		{6D308B8C-7D6A-449F-B2D1-1108A97B15D3}.Release|Any CPU.Build.0 = Release|Any CPU
		{01424C89-1192-4855-9BCF-A3886817EDDB}.Debug|Any CPU.ActiveCfg = Debug|Any CPU
		{01424C89-1192-4855-9BCF-A3886817EDDB}.Debug|Any CPU.Build.0 = Debug|Any CPU
		{01424C89-1192-4855-9BCF-A3886817EDDB}.Release|Any CPU.ActiveCfg = Release|Any CPU
		{01424C89-1192-4855-9BCF-A3886817EDDB}.Release|Any CPU.Build.0 = Release|Any CPU
		{B5B08FB7-B9C5-447D-8CB1-FE41DBB3AF37}.Debug|Any CPU.ActiveCfg = Debug|Any CPU
		{B5B08FB7-B9C5-447D-8CB1-FE41DBB3AF37}.Debug|Any CPU.Build.0 = Debug|Any CPU
		{B5B08FB7-B9C5-447D-8CB1-FE41DBB3AF37}.Release|Any CPU.ActiveCfg = Release|Any CPU
		{B5B08FB7-B9C5-447D-8CB1-FE41DBB3AF37}.Release|Any CPU.Build.0 = Release|Any CPU
		{106C355B-E3C9-4B70-9778-1DC41002165D}.Debug|Any CPU.ActiveCfg = Debug|Any CPU
		{106C355B-E3C9-4B70-9778-1DC41002165D}.Debug|Any CPU.Build.0 = Debug|Any CPU
		{106C355B-E3C9-4B70-9778-1DC41002165D}.Release|Any CPU.ActiveCfg = Release|Any CPU
		{106C355B-E3C9-4B70-9778-1DC41002165D}.Release|Any CPU.Build.0 = Release|Any CPU
		{F1C1665E-2795-4E1E-A357-7F9FBB6F5920}.Debug|Any CPU.ActiveCfg = Debug|Any CPU
		{F1C1665E-2795-4E1E-A357-7F9FBB6F5920}.Debug|Any CPU.Build.0 = Debug|Any CPU
		{F1C1665E-2795-4E1E-A357-7F9FBB6F5920}.Release|Any CPU.ActiveCfg = Release|Any CPU
		{F1C1665E-2795-4E1E-A357-7F9FBB6F5920}.Release|Any CPU.Build.0 = Release|Any CPU
		{2DF3EF8A-3F08-40D3-8B53-6A0B778E7565}.Debug|Any CPU.ActiveCfg = Debug|Any CPU
		{2DF3EF8A-3F08-40D3-8B53-6A0B778E7565}.Debug|Any CPU.Build.0 = Debug|Any CPU
		{2DF3EF8A-3F08-40D3-8B53-6A0B778E7565}.Release|Any CPU.ActiveCfg = Release|Any CPU
		{2DF3EF8A-3F08-40D3-8B53-6A0B778E7565}.Release|Any CPU.Build.0 = Release|Any CPU
		{4C51171F-55F6-41C7-A550-066D7FC734B6}.Debug|Any CPU.ActiveCfg = Debug|Any CPU
		{4C51171F-55F6-41C7-A550-066D7FC734B6}.Debug|Any CPU.Build.0 = Debug|Any CPU
		{4C51171F-55F6-41C7-A550-066D7FC734B6}.Release|Any CPU.ActiveCfg = Release|Any CPU
		{4C51171F-55F6-41C7-A550-066D7FC734B6}.Release|Any CPU.Build.0 = Release|Any CPU
		{9510A653-7789-4F1F-B744-890EF5C8EA0C}.Debug|Any CPU.ActiveCfg = Debug|Any CPU
		{9510A653-7789-4F1F-B744-890EF5C8EA0C}.Debug|Any CPU.Build.0 = Debug|Any CPU
		{9510A653-7789-4F1F-B744-890EF5C8EA0C}.Release|Any CPU.ActiveCfg = Release|Any CPU
		{9510A653-7789-4F1F-B744-890EF5C8EA0C}.Release|Any CPU.Build.0 = Release|Any CPU
		{B39B9F97-E04D-439B-A234-B15250994EBB}.Debug|Any CPU.ActiveCfg = Debug|Any CPU
		{B39B9F97-E04D-439B-A234-B15250994EBB}.Debug|Any CPU.Build.0 = Debug|Any CPU
		{B39B9F97-E04D-439B-A234-B15250994EBB}.Release|Any CPU.ActiveCfg = Release|Any CPU
		{B39B9F97-E04D-439B-A234-B15250994EBB}.Release|Any CPU.Build.0 = Release|Any CPU
		{E9F8D639-35D9-4249-A0E0-0F2F3BFBEFCA}.Debug|Any CPU.ActiveCfg = Debug|Any CPU
		{E9F8D639-35D9-4249-A0E0-0F2F3BFBEFCA}.Debug|Any CPU.Build.0 = Debug|Any CPU
		{E9F8D639-35D9-4249-A0E0-0F2F3BFBEFCA}.Release|Any CPU.ActiveCfg = Release|Any CPU
		{E9F8D639-35D9-4249-A0E0-0F2F3BFBEFCA}.Release|Any CPU.Build.0 = Release|Any CPU
		{65E0BF7C-AB29-4005-A962-435DCFD6D4A4}.Debug|Any CPU.ActiveCfg = Debug|Any CPU
		{65E0BF7C-AB29-4005-A962-435DCFD6D4A4}.Debug|Any CPU.Build.0 = Debug|Any CPU
		{65E0BF7C-AB29-4005-A962-435DCFD6D4A4}.Release|Any CPU.ActiveCfg = Release|Any CPU
		{65E0BF7C-AB29-4005-A962-435DCFD6D4A4}.Release|Any CPU.Build.0 = Release|Any CPU
		{A93309D6-1B50-4770-B95A-1FBEEA462019}.Debug|Any CPU.ActiveCfg = Debug|Any CPU
		{A93309D6-1B50-4770-B95A-1FBEEA462019}.Debug|Any CPU.Build.0 = Debug|Any CPU
		{A93309D6-1B50-4770-B95A-1FBEEA462019}.Release|Any CPU.ActiveCfg = Release|Any CPU
		{A93309D6-1B50-4770-B95A-1FBEEA462019}.Release|Any CPU.Build.0 = Release|Any CPU
	EndGlobalSection
	GlobalSection(SolutionProperties) = preSolution
		HideSolutionNode = FALSE
	EndGlobalSection
	GlobalSection(ExtensibilityGlobals) = postSolution
		SolutionGuid = {5D2CA4F9-817D-45DE-AD37-5E3C5FB92788}
	EndGlobalSection
EndGlobal
