
Microsoft Visual Studio Solution File, Format Version 12.00
# Visual Studio Version 17
VisualStudioVersion = 17.3.32819.101
MinimumVisualStudioVersion = 10.0.40219.1
Project("{9A19103F-16F7-4668-BE54-9A1E7A4F7556}") = "OSDC.DotnetLibraries.General.DataManagement", "OSDC.DotnetLibraries.General.DataManagement\OSDC.DotnetLibraries.General.DataManagement.csproj", "{51EE11E1-26B1-4422-B49F-2EE6E1E8EE61}"
EndProject
Project("{FAE04EC0-301F-11D3-BF4B-00C04F79EFBC}") = "OSDC.DotnetLibraries.General.Common", "OSDC.DotnetLibraries.General.Common\OSDC.DotnetLibraries.General.Common.csproj", "{1CAA8C52-0D01-403F-8719-54A4DD5DAA1A}"
EndProject
Global
	GlobalSection(SolutionConfigurationPlatforms) = preSolution
		Debug|Any CPU = Debug|Any CPU
		Release|Any CPU = Release|Any CPU
	EndGlobalSection
	GlobalSection(ProjectConfigurationPlatforms) = postSolution
		{51EE11E1-26B1-4422-B49F-2EE6E1E8EE61}.Debug|Any CPU.ActiveCfg = Debug|Any CPU
		{51EE11E1-26B1-4422-B49F-2EE6E1E8EE61}.Debug|Any CPU.Build.0 = Debug|Any CPU
		{51EE11E1-26B1-4422-B49F-2EE6E1E8EE61}.Release|Any CPU.ActiveCfg = Release|Any CPU
		{51EE11E1-26B1-4422-B49F-2EE6E1E8EE61}.Release|Any CPU.Build.0 = Release|Any CPU
		{1CAA8C52-0D01-403F-8719-54A4DD5DAA1A}.Debug|Any CPU.ActiveCfg = Debug|Any CPU
		{1CAA8C52-0D01-403F-8719-54A4DD5DAA1A}.Debug|Any CPU.Build.0 = Debug|Any CPU
		{1CAA8C52-0D01-403F-8719-54A4DD5DAA1A}.Release|Any CPU.ActiveCfg = Release|Any CPU
		{1CAA8C52-0D01-403F-8719-54A4DD5DAA1A}.Release|Any CPU.Build.0 = Release|Any CPU
	EndGlobalSection
	GlobalSection(SolutionProperties) = preSolution
		HideSolutionNode = FALSE
	EndGlobalSection
	GlobalSection(ExtensibilityGlobals) = postSolution
		SolutionGuid = {5D2CA4F9-817D-45DE-AD37-5E3C5FB92788}
	EndGlobalSection
EndGlobal
