
Microsoft Visual Studio Solution File, Format Version 12.00
# Visual Studio Version 17
VisualStudioVersion = 17.3.32819.101
MinimumVisualStudioVersion = 10.0.40219.1
Project("{9A19103F-16F7-4668-BE54-9A1E7A4F7556}") = "OSDC.DotnetLibraries.General.DataManagement", "OSDC.DotnetLibraries.General.DataManagement\OSDC.DotnetLibraries.General.DataManagement.csproj", "{51EE11E1-26B1-4422-B49F-2EE6E1E8EE61}"
EndProject
Project("{9A19103F-16F7-4668-BE54-9A1E7A4F7556}") = "OSDC.DotnetLibraries.General.Common", "OSDC.DotnetLibraries.General.Common\OSDC.DotnetLibraries.General.Common.csproj", "{1CAA8C52-0D01-403F-8719-54A4DD5DAA1A}"
EndProject
Project("{9A19103F-16F7-4668-BE54-9A1E7A4F7556}") = "OSDC.DotnetLibraries.General.Statistics", "OSDC.DotnetLibraries.General.Statistics\OSDC.DotnetLibraries.General.Statistics.csproj", "{DC16FF1F-5981-4147-BC19-48AB3EEC0306}"
EndProject
Project("{9A19103F-16F7-4668-BE54-9A1E7A4F7556}") = "OSDC.DotnetLibraries.General.Math", "OSDC.DotnetLibraries.General.Math\OSDC.DotnetLibraries.General.Math.csproj", "{6A2ED092-9B11-4EEB-9B3C-C73E795163B7}"
EndProject
Project("{9A19103F-16F7-4668-BE54-9A1E7A4F7556}") = "OSDC.DotnetLibraries.General.OpenFoamRead", "OSDC.DotnetLibraries.General.OpenFoamRead\OSDC.DotnetLibraries.General.OpenFoamRead.csproj", "{EE13803E-1015-4487-A09B-04557B32FAE2}"
EndProject
Project("{9A19103F-16F7-4668-BE54-9A1E7A4F7556}") = "OSDC.DotnetLibraries.General.OpenFoamRead.Test", "OSDC.DotnetLibraries.General.OpenFoamRead.Test\OSDC.DotnetLibraries.General.OpenFoamRead.Test.csproj", "{C6A2A5BD-5CA2-45EF-8D25-E62CAA6B0A98}"
EndProject
Project("{9A19103F-16F7-4668-BE54-9A1E7A4F7556}") = "OSDC.DotnetLibraries.General.Surveying", "OSDC.DotnetLibraries.General.Surveying\OSDC.DotnetLibraries.General.Surveying.csproj", "{2DD951E2-487D-4D0A-AA83-21D8C4FC652E}"
EndProject
Project("{9A19103F-16F7-4668-BE54-9A1E7A4F7556}") = "OSDC.DotnetLibraries.General.Math.UnitTest", "OSDC.DotnetLibraries.General.Math.UnitTest\OSDC.DotnetLibraries.General.Math.UnitTest.csproj", "{3DEF6AD7-C1F9-4E1D-AF2F-9312DAC29757}"
EndProject
Project("{9A19103F-16F7-4668-BE54-9A1E7A4F7556}") = "OSDC.DotnetLibraries.General.Surveying.UnitTest", "OSDC.DotnetLibraries.General.Surveying.UnitTest\OSDC.DotnetLibraries.General.Surveying.UnitTest.csproj", "{19AB019F-E532-4D1C-AFA9-E80741D09EA3}"
EndProject
Project("{FAE04EC0-301F-11D3-BF4B-00C04F79EFBC}") = "OSDC.DotnetLibraries.General.DrillingProperties", "OSDC.DotnetLibraries.General.DrillingProperties\OSDC.DotnetLibraries.General.DrillingProperties.csproj", "{775BF7C4-7C2A-4096-B8B5-2E18F0DA8679}"
EndProject
Global
	GlobalSection(SolutionConfigurationPlatforms) = preSolution
		Debug|Any CPU = Debug|Any CPU
		Release|Any CPU = Release|Any CPU
	EndGlobalSection
	GlobalSection(ProjectConfigurationPlatforms) = postSolution
		{51EE11E1-26B1-4422-B49F-2EE6E1E8EE61}.Debug|Any CPU.ActiveCfg = Debug|Any CPU
		{51EE11E1-26B1-4422-B49F-2EE6E1E8EE61}.Debug|Any CPU.Build.0 = Debug|Any CPU
		{51EE11E1-26B1-4422-B49F-2EE6E1E8EE61}.Release|Any CPU.ActiveCfg = Release|Any CPU
		{51EE11E1-26B1-4422-B49F-2EE6E1E8EE61}.Release|Any CPU.Build.0 = Release|Any CPU
		{1CAA8C52-0D01-403F-8719-54A4DD5DAA1A}.Debug|Any CPU.ActiveCfg = Debug|Any CPU
		{1CAA8C52-0D01-403F-8719-54A4DD5DAA1A}.Debug|Any CPU.Build.0 = Debug|Any CPU
		{1CAA8C52-0D01-403F-8719-54A4DD5DAA1A}.Release|Any CPU.ActiveCfg = Release|Any CPU
		{1CAA8C52-0D01-403F-8719-54A4DD5DAA1A}.Release|Any CPU.Build.0 = Release|Any CPU
		{DC16FF1F-5981-4147-BC19-48AB3EEC0306}.Debug|Any CPU.ActiveCfg = Debug|Any CPU
		{DC16FF1F-5981-4147-BC19-48AB3EEC0306}.Debug|Any CPU.Build.0 = Debug|Any CPU
		{DC16FF1F-5981-4147-BC19-48AB3EEC0306}.Release|Any CPU.ActiveCfg = Release|Any CPU
		{DC16FF1F-5981-4147-BC19-48AB3EEC0306}.Release|Any CPU.Build.0 = Release|Any CPU
		{6A2ED092-9B11-4EEB-9B3C-C73E795163B7}.Debug|Any CPU.ActiveCfg = Debug|Any CPU
		{6A2ED092-9B11-4EEB-9B3C-C73E795163B7}.Debug|Any CPU.Build.0 = Debug|Any CPU
		{6A2ED092-9B11-4EEB-9B3C-C73E795163B7}.Release|Any CPU.ActiveCfg = Release|Any CPU
		{6A2ED092-9B11-4EEB-9B3C-C73E795163B7}.Release|Any CPU.Build.0 = Release|Any CPU
		{EE13803E-1015-4487-A09B-04557B32FAE2}.Debug|Any CPU.ActiveCfg = Debug|Any CPU
		{EE13803E-1015-4487-A09B-04557B32FAE2}.Debug|Any CPU.Build.0 = Debug|Any CPU
		{EE13803E-1015-4487-A09B-04557B32FAE2}.Release|Any CPU.ActiveCfg = Release|Any CPU
		{EE13803E-1015-4487-A09B-04557B32FAE2}.Release|Any CPU.Build.0 = Release|Any CPU
		{C6A2A5BD-5CA2-45EF-8D25-E62CAA6B0A98}.Debug|Any CPU.ActiveCfg = Debug|Any CPU
		{C6A2A5BD-5CA2-45EF-8D25-E62CAA6B0A98}.Debug|Any CPU.Build.0 = Debug|Any CPU
		{C6A2A5BD-5CA2-45EF-8D25-E62CAA6B0A98}.Release|Any CPU.ActiveCfg = Release|Any CPU
		{C6A2A5BD-5CA2-45EF-8D25-E62CAA6B0A98}.Release|Any CPU.Build.0 = Release|Any CPU
		{2DD951E2-487D-4D0A-AA83-21D8C4FC652E}.Debug|Any CPU.ActiveCfg = Debug|Any CPU
		{2DD951E2-487D-4D0A-AA83-21D8C4FC652E}.Debug|Any CPU.Build.0 = Debug|Any CPU
		{2DD951E2-487D-4D0A-AA83-21D8C4FC652E}.Release|Any CPU.ActiveCfg = Release|Any CPU
		{2DD951E2-487D-4D0A-AA83-21D8C4FC652E}.Release|Any CPU.Build.0 = Release|Any CPU
		{3DEF6AD7-C1F9-4E1D-AF2F-9312DAC29757}.Debug|Any CPU.ActiveCfg = Debug|Any CPU
		{3DEF6AD7-C1F9-4E1D-AF2F-9312DAC29757}.Debug|Any CPU.Build.0 = Debug|Any CPU
		{3DEF6AD7-C1F9-4E1D-AF2F-9312DAC29757}.Release|Any CPU.ActiveCfg = Release|Any CPU
		{3DEF6AD7-C1F9-4E1D-AF2F-9312DAC29757}.Release|Any CPU.Build.0 = Release|Any CPU
		{19AB019F-E532-4D1C-AFA9-E80741D09EA3}.Debug|Any CPU.ActiveCfg = Debug|Any CPU
		{19AB019F-E532-4D1C-AFA9-E80741D09EA3}.Debug|Any CPU.Build.0 = Debug|Any CPU
		{19AB019F-E532-4D1C-AFA9-E80741D09EA3}.Release|Any CPU.ActiveCfg = Release|Any CPU
		{19AB019F-E532-4D1C-AFA9-E80741D09EA3}.Release|Any CPU.Build.0 = Release|Any CPU
		{775BF7C4-7C2A-4096-B8B5-2E18F0DA8679}.Debug|Any CPU.ActiveCfg = Debug|Any CPU
		{775BF7C4-7C2A-4096-B8B5-2E18F0DA8679}.Debug|Any CPU.Build.0 = Debug|Any CPU
		{775BF7C4-7C2A-4096-B8B5-2E18F0DA8679}.Release|Any CPU.ActiveCfg = Release|Any CPU
		{775BF7C4-7C2A-4096-B8B5-2E18F0DA8679}.Release|Any CPU.Build.0 = Release|Any CPU
	EndGlobalSection
	GlobalSection(SolutionProperties) = preSolution
		HideSolutionNode = FALSE
	EndGlobalSection
	GlobalSection(ExtensibilityGlobals) = postSolution
		SolutionGuid = {5D2CA4F9-817D-45DE-AD37-5E3C5FB92788}
	EndGlobalSection
EndGlobal
